// !$*UTF8*$!
{
	archiveVersion = 1;
	classes = {
	};
	objectVersion = 56;
	objects = {

/* Begin PBXBuildFile section */
		410B5E232C246DE0001A620B /* AppDelegate.swift in Sources */ = {isa = PBXBuildFile; fileRef = 410B5E222C246DE0001A620B /* AppDelegate.swift */; };
		410B5E252C246DE0001A620B /* SceneDelegate.swift in Sources */ = {isa = PBXBuildFile; fileRef = 410B5E242C246DE0001A620B /* SceneDelegate.swift */; };
		410B5E272C246DE0001A620B /* ViewController.swift in Sources */ = {isa = PBXBuildFile; fileRef = 410B5E262C246DE0001A620B /* ViewController.swift */; };
		410B5E2A2C246DE0001A620B /* Main.storyboard in Resources */ = {isa = PBXBuildFile; fileRef = 410B5E282C246DE0001A620B /* Main.storyboard */; };
		410B5E2C2C246DE1001A620B /* Assets.xcassets in Resources */ = {isa = PBXBuildFile; fileRef = 410B5E2B2C246DE1001A620B /* Assets.xcassets */; };
		410B5E2F2C246DE1001A620B /* LaunchScreen.storyboard in Resources */ = {isa = PBXBuildFile; fileRef = 410B5E2D2C246DE1001A620B /* LaunchScreen.storyboard */; };
		410B5E462C247641001A620B /* 8.jpg in Resources */ = {isa = PBXBuildFile; fileRef = 410B5E372C247641001A620B /* 8.jpg */; };
		410B5E472C247641001A620B /* 9.jpg in Resources */ = {isa = PBXBuildFile; fileRef = 410B5E382C247641001A620B /* 9.jpg */; };
		410B5E482C247641001A620B /* 14.jpg in Resources */ = {isa = PBXBuildFile; fileRef = 410B5E392C247641001A620B /* 14.jpg */; };
		410B5E492C247641001A620B /* 15.jpg in Resources */ = {isa = PBXBuildFile; fileRef = 410B5E3A2C247641001A620B /* 15.jpg */; };
		410B5E4A2C247641001A620B /* 12.jpg in Resources */ = {isa = PBXBuildFile; fileRef = 410B5E3B2C247641001A620B /* 12.jpg */; };
		410B5E4B2C247641001A620B /* 13.jpg in Resources */ = {isa = PBXBuildFile; fileRef = 410B5E3C2C247641001A620B /* 13.jpg */; };
		410B5E4C2C247641001A620B /* 11.jpg in Resources */ = {isa = PBXBuildFile; fileRef = 410B5E3D2C247641001A620B /* 11.jpg */; };
		410B5E4D2C247641001A620B /* 10.jpg in Resources */ = {isa = PBXBuildFile; fileRef = 410B5E3E2C247641001A620B /* 10.jpg */; };
		410B5E4E2C247641001A620B /* 4.jpg in Resources */ = {isa = PBXBuildFile; fileRef = 410B5E3F2C247641001A620B /* 4.jpg */; };
		410B5E4F2C247641001A620B /* 5.jpg in Resources */ = {isa = PBXBuildFile; fileRef = 410B5E402C247641001A620B /* 5.jpg */; };
		410B5E502C247641001A620B /* 7.jpg in Resources */ = {isa = PBXBuildFile; fileRef = 410B5E412C247641001A620B /* 7.jpg */; };
		410B5E512C247641001A620B /* 6.jpg in Resources */ = {isa = PBXBuildFile; fileRef = 410B5E422C247641001A620B /* 6.jpg */; };
		410B5E522C247641001A620B /* 2.jpg in Resources */ = {isa = PBXBuildFile; fileRef = 410B5E432C247641001A620B /* 2.jpg */; };
		410B5E532C247641001A620B /* 3.jpg in Resources */ = {isa = PBXBuildFile; fileRef = 410B5E442C247641001A620B /* 3.jpg */; };
		410B5E542C247641001A620B /* 1.jpg in Resources */ = {isa = PBXBuildFile; fileRef = 410B5E452C247641001A620B /* 1.jpg */; };
/* End PBXBuildFile section */

/* Begin PBXFileReference section */
		410B5E1F2C246DE0001A620B /* DigitalFrame.app */ = {isa = PBXFileReference; explicitFileType = wrapper.application; includeInIndex = 0; path = DigitalFrame.app; sourceTree = BUILT_PRODUCTS_DIR; };
		410B5E222C246DE0001A620B /* AppDelegate.swift */ = {isa = PBXFileReference; lastKnownFileType = sourcecode.swift; path = AppDelegate.swift; sourceTree = "<group>"; };
		410B5E242C246DE0001A620B /* SceneDelegate.swift */ = {isa = PBXFileReference; lastKnownFileType = sourcecode.swift; path = SceneDelegate.swift; sourceTree = "<group>"; };
		410B5E262C246DE0001A620B /* ViewController.swift */ = {isa = PBXFileReference; lastKnownFileType = sourcecode.swift; path = ViewController.swift; sourceTree = "<group>"; };
		410B5E292C246DE0001A620B /* Base */ = {isa = PBXFileReference; lastKnownFileType = file.storyboard; name = Base; path = Base.lproj/Main.storyboard; sourceTree = "<group>"; };
		410B5E2B2C246DE1001A620B /* Assets.xcassets */ = {isa = PBXFileReference; lastKnownFileType = folder.assetcatalog; path = Assets.xcassets; sourceTree = "<group>"; };
		410B5E2E2C246DE1001A620B /* Base */ = {isa = PBXFileReference; lastKnownFileType = file.storyboard; name = Base; path = Base.lproj/LaunchScreen.storyboard; sourceTree = "<group>"; };
		410B5E302C246DE1001A620B /* Info.plist */ = {isa = PBXFileReference; lastKnownFileType = text.plist.xml; path = Info.plist; sourceTree = "<group>"; };
		410B5E372C247641001A620B /* 8.jpg */ = {isa = PBXFileReference; lastKnownFileType = image.jpeg; path = 8.jpg; sourceTree = "<group>"; };
		410B5E382C247641001A620B /* 9.jpg */ = {isa = PBXFileReference; lastKnownFileType = image.jpeg; path = 9.jpg; sourceTree = "<group>"; };
		410B5E392C247641001A620B /* 14.jpg */ = {isa = PBXFileReference; lastKnownFileType = image.jpeg; path = 14.jpg; sourceTree = "<group>"; };
		410B5E3A2C247641001A620B /* 15.jpg */ = {isa = PBXFileReference; lastKnownFileType = image.jpeg; path = 15.jpg; sourceTree = "<group>"; };
		410B5E3B2C247641001A620B /* 12.jpg */ = {isa = PBXFileReference; lastKnownFileType = image.jpeg; path = 12.jpg; sourceTree = "<group>"; };
		410B5E3C2C247641001A620B /* 13.jpg */ = {isa = PBXFileReference; lastKnownFileType = image.jpeg; path = 13.jpg; sourceTree = "<group>"; };
		410B5E3D2C247641001A620B /* 11.jpg */ = {isa = PBXFileReference; lastKnownFileType = image.jpeg; path = 11.jpg; sourceTree = "<group>"; };
		410B5E3E2C247641001A620B /* 10.jpg */ = {isa = PBXFileReference; lastKnownFileType = image.jpeg; path = 10.jpg; sourceTree = "<group>"; };
		410B5E3F2C247641001A620B /* 4.jpg */ = {isa = PBXFileReference; lastKnownFileType = image.jpeg; path = 4.jpg; sourceTree = "<group>"; };
		410B5E402C247641001A620B /* 5.jpg */ = {isa = PBXFileReference; lastKnownFileType = image.jpeg; path = 5.jpg; sourceTree = "<group>"; };
		410B5E412C247641001A620B /* 7.jpg */ = {isa = PBXFileReference; lastKnownFileType = image.jpeg; path = 7.jpg; sourceTree = "<group>"; };
		410B5E422C247641001A620B /* 6.jpg */ = {isa = PBXFileReference; lastKnownFileType = image.jpeg; path = 6.jpg; sourceTree = "<group>"; };
		410B5E432C247641001A620B /* 2.jpg */ = {isa = PBXFileReference; lastKnownFileType = image.jpeg; path = 2.jpg; sourceTree = "<group>"; };
		410B5E442C247641001A620B /* 3.jpg */ = {isa = PBXFileReference; lastKnownFileType = image.jpeg; path = 3.jpg; sourceTree = "<group>"; };
		410B5E452C247641001A620B /* 1.jpg */ = {isa = PBXFileReference; lastKnownFileType = image.jpeg; path = 1.jpg; sourceTree = "<group>"; };
/* End PBXFileReference section */

/* Begin PBXFrameworksBuildPhase section */
		410B5E1C2C246DE0001A620B /* Frameworks */ = {
			isa = PBXFrameworksBuildPhase;
			buildActionMask = 2147483647;
			files = (
			);
			runOnlyForDeploymentPostprocessing = 0;
		};
/* End PBXFrameworksBuildPhase section */

/* Begin PBXGroup section */
		410B5E162C246DE0001A620B = {
			isa = PBXGroup;
			children = (
				410B5E212C246DE0001A620B /* DigitalFrame */,
				410B5E202C246DE0001A620B /* Products */,
			);
			sourceTree = "<group>";
		};
		410B5E202C246DE0001A620B /* Products */ = {
			isa = PBXGroup;
			children = (
				410B5E1F2C246DE0001A620B /* DigitalFrame.app */,
			);
			name = Products;
			sourceTree = "<group>";
		};
		410B5E212C246DE0001A620B /* DigitalFrame */ = {
			isa = PBXGroup;
			children = (
				410B5E362C247641001A620B /* 36Images */,
				410B5E222C246DE0001A620B /* AppDelegate.swift */,
				410B5E242C246DE0001A620B /* SceneDelegate.swift */,
				410B5E262C246DE0001A620B /* ViewController.swift */,
				410B5E282C246DE0001A620B /* Main.storyboard */,
				410B5E2B2C246DE1001A620B /* Assets.xcassets */,
				410B5E2D2C246DE1001A620B /* LaunchScreen.storyboard */,
				410B5E302C246DE1001A620B /* Info.plist */,
			);
			path = DigitalFrame;
			sourceTree = "<group>";
		};
		410B5E362C247641001A620B /* 36Images */ = {
			isa = PBXGroup;
			children = (
				410B5E372C247641001A620B /* 8.jpg */,
				410B5E382C247641001A620B /* 9.jpg */,
				410B5E392C247641001A620B /* 14.jpg */,
				410B5E3A2C247641001A620B /* 15.jpg */,
				410B5E3B2C247641001A620B /* 12.jpg */,
				410B5E3C2C247641001A620B /* 13.jpg */,
				410B5E3D2C247641001A620B /* 11.jpg */,
				410B5E3E2C247641001A620B /* 10.jpg */,
				410B5E3F2C247641001A620B /* 4.jpg */,
				410B5E402C247641001A620B /* 5.jpg */,
				410B5E412C247641001A620B /* 7.jpg */,
				410B5E422C247641001A620B /* 6.jpg */,
				410B5E432C247641001A620B /* 2.jpg */,
				410B5E442C247641001A620B /* 3.jpg */,
				410B5E452C247641001A620B /* 1.jpg */,
			);
			path = 36Images;
			sourceTree = "<group>";
		};
/* End PBXGroup section */

/* Begin PBXNativeTarget section */
		410B5E1E2C246DE0001A620B /* DigitalFrame */ = {
			isa = PBXNativeTarget;
			buildConfigurationList = 410B5E332C246DE1001A620B /* Build configuration list for PBXNativeTarget "DigitalFrame" */;
			buildPhases = (
				410B5E1B2C246DE0001A620B /* Sources */,
				410B5E1C2C246DE0001A620B /* Frameworks */,
				410B5E1D2C246DE0001A620B /* Resources */,
			);
			buildRules = (
			);
			dependencies = (
			);
			name = DigitalFrame;
			productName = DigitalFrame;
			productReference = 410B5E1F2C246DE0001A620B /* DigitalFrame.app */;
			productType = "com.apple.product-type.application";
		};
/* End PBXNativeTarget section */

/* Begin PBXProject section */
		410B5E172C246DE0001A620B /* Project object */ = {
			isa = PBXProject;
			attributes = {
				BuildIndependentTargetsInParallel = 1;
				LastSwiftUpdateCheck = 1430;
				LastUpgradeCheck = 1430;
				TargetAttributes = {
					410B5E1E2C246DE0001A620B = {
						CreatedOnToolsVersion = 14.3;
					};
				};
			};
			buildConfigurationList = 410B5E1A2C246DE0001A620B /* Build configuration list for PBXProject "DigitalFrame" */;
			compatibilityVersion = "Xcode 14.0";
			developmentRegion = en;
			hasScannedForEncodings = 0;
			knownRegions = (
				en,
				Base,
			);
			mainGroup = 410B5E162C246DE0001A620B;
			productRefGroup = 410B5E202C246DE0001A620B /* Products */;
			projectDirPath = "";
			projectRoot = "";
			targets = (
				410B5E1E2C246DE0001A620B /* DigitalFrame */,
			);
		};
/* End PBXProject section */

/* Begin PBXResourcesBuildPhase section */
		410B5E1D2C246DE0001A620B /* Resources */ = {
			isa = PBXResourcesBuildPhase;
			buildActionMask = 2147483647;
			files = (
				410B5E4E2C247641001A620B /* 4.jpg in Resources */,
				410B5E4A2C247641001A620B /* 12.jpg in Resources */,
				410B5E4B2C247641001A620B /* 13.jpg in Resources */,
				410B5E502C247641001A620B /* 7.jpg in Resources */,
				410B5E492C247641001A620B /* 15.jpg in Resources */,
				410B5E4D2C247641001A620B /* 10.jpg in Resources */,
				410B5E532C247641001A620B /* 3.jpg in Resources */,
				410B5E522C247641001A620B /* 2.jpg in Resources */,
				410B5E482C247641001A620B /* 14.jpg in Resources */,
				410B5E462C247641001A620B /* 8.jpg in Resources */,
				410B5E4F2C247641001A620B /* 5.jpg in Resources */,
				410B5E512C247641001A620B /* 6.jpg in Resources */,
				410B5E4C2C247641001A620B /* 11.jpg in Resources */,
				410B5E2F2C246DE1001A620B /* LaunchScreen.storyboard in Resources */,
				410B5E2C2C246DE1001A620B /* Assets.xcassets in Resources */,
				410B5E542C247641001A620B /* 1.jpg in Resources */,
				410B5E472C247641001A620B /* 9.jpg in Resources */,
				410B5E2A2C246DE0001A620B /* Main.storyboard in Resources */,
			);
			runOnlyForDeploymentPostprocessing = 0;
		};
/* End PBXResourcesBuildPhase section */

/* Begin PBXSourcesBuildPhase section */
		410B5E1B2C246DE0001A620B /* Sources */ = {
			isa = PBXSourcesBuildPhase;
			buildActionMask = 2147483647;
			files = (
				410B5E272C246DE0001A620B /* ViewController.swift in Sources */,
				410B5E232C246DE0001A620B /* AppDelegate.swift in Sources */,
				410B5E252C246DE0001A620B /* SceneDelegate.swift in Sources */,
			);
			runOnlyForDeploymentPostprocessing = 0;
		};
/* End PBXSourcesBuildPhase section */

/* Begin PBXVariantGroup section */
		410B5E282C246DE0001A620B /* Main.storyboard */ = {
			isa = PBXVariantGroup;
			children = (
				410B5E292C246DE0001A620B /* Base */,
			);
			name = Main.storyboard;
			sourceTree = "<group>";
		};
		410B5E2D2C246DE1001A620B /* LaunchScreen.storyboard */ = {
			isa = PBXVariantGroup;
			children = (
				410B5E2E2C246DE1001A620B /* Base */,
			);
			name = LaunchScreen.storyboard;
			sourceTree = "<group>";
		};
/* End PBXVariantGroup section */

/* Begin XCBuildConfiguration section */
		410B5E312C246DE1001A620B /* Debug */ = {
			isa = XCBuildConfiguration;
			buildSettings = {
				ALWAYS_SEARCH_USER_PATHS = NO;
				CLANG_ANALYZER_NONNULL = YES;
				CLANG_ANALYZER_NUMBER_OBJECT_CONVERSION = YES_AGGRESSIVE;
				CLANG_CXX_LANGUAGE_STANDARD = "gnu++20";
				CLANG_ENABLE_MODULES = YES;
				CLANG_ENABLE_OBJC_ARC = YES;
				CLANG_ENABLE_OBJC_WEAK = YES;
				CLANG_WARN_BLOCK_CAPTURE_AUTORELEASING = YES;
				CLANG_WARN_BOOL_CONVERSION = YES;
				CLANG_WARN_COMMA = YES;
				CLANG_WARN_CONSTANT_CONVERSION = YES;
				CLANG_WARN_DEPRECATED_OBJC_IMPLEMENTATIONS = YES;
				CLANG_WARN_DIRECT_OBJC_ISA_USAGE = YES_ERROR;
				CLANG_WARN_DOCUMENTATION_COMMENTS = YES;
				CLANG_WARN_EMPTY_BODY = YES;
				CLANG_WARN_ENUM_CONVERSION = YES;
				CLANG_WARN_INFINITE_RECURSION = YES;
				CLANG_WARN_INT_CONVERSION = YES;
				CLANG_WARN_NON_LITERAL_NULL_CONVERSION = YES;
				CLANG_WARN_OBJC_IMPLICIT_RETAIN_SELF = YES;
				CLANG_WARN_OBJC_LITERAL_CONVERSION = YES;
				CLANG_WARN_OBJC_ROOT_CLASS = YES_ERROR;
				CLANG_WARN_QUOTED_INCLUDE_IN_FRAMEWORK_HEADER = YES;
				CLANG_WARN_RANGE_LOOP_ANALYSIS = YES;
				CLANG_WARN_STRICT_PROTOTYPES = YES;
				CLANG_WARN_SUSPICIOUS_MOVE = YES;
				CLANG_WARN_UNGUARDED_AVAILABILITY = YES_AGGRESSIVE;
				CLANG_WARN_UNREACHABLE_CODE = YES;
				CLANG_WARN__DUPLICATE_METHOD_MATCH = YES;
				COPY_PHASE_STRIP = NO;
				DEBUG_INFORMATION_FORMAT = dwarf;
				ENABLE_STRICT_OBJC_MSGSEND = YES;
				ENABLE_TESTABILITY = YES;
				GCC_C_LANGUAGE_STANDARD = gnu11;
				GCC_DYNAMIC_NO_PIC = NO;
				GCC_NO_COMMON_BLOCKS = YES;
				GCC_OPTIMIZATION_LEVEL = 0;
				GCC_PREPROCESSOR_DEFINITIONS = (
					"DEBUG=1",
					"$(inherited)",
				);
				GCC_WARN_64_TO_32_BIT_CONVERSION = YES;
				GCC_WARN_ABOUT_RETURN_TYPE = YES_ERROR;
				GCC_WARN_UNDECLARED_SELECTOR = YES;
				GCC_WARN_UNINITIALIZED_AUTOS = YES_AGGRESSIVE;
				GCC_WARN_UNUSED_FUNCTION = YES;
				GCC_WARN_UNUSED_VARIABLE = YES;
				IPHONEOS_DEPLOYMENT_TARGET = 16.4;
				MTL_ENABLE_DEBUG_INFO = INCLUDE_SOURCE;
				MTL_FAST_MATH = YES;
				ONLY_ACTIVE_ARCH = YES;
				SDKROOT = iphoneos;
				SWIFT_ACTIVE_COMPILATION_CONDITIONS = DEBUG;
				SWIFT_OPTIMIZATION_LEVEL = "-Onone";
			};
			name = Debug;
		};
		410B5E322C246DE1001A620B /* Release */ = {
			isa = XCBuildConfiguration;
			buildSettings = {
				ALWAYS_SEARCH_USER_PATHS = NO;
				CLANG_ANALYZER_NONNULL = YES;
				CLANG_ANALYZER_NUMBER_OBJECT_CONVERSION = YES_AGGRESSIVE;
				CLANG_CXX_LANGUAGE_STANDARD = "gnu++20";
				CLANG_ENABLE_MODULES = YES;
				CLANG_ENABLE_OBJC_ARC = YES;
				CLANG_ENABLE_OBJC_WEAK = YES;
				CLANG_WARN_BLOCK_CAPTURE_AUTORELEASING = YES;
				CLANG_WARN_BOOL_CONVERSION = YES;
				CLANG_WARN_COMMA = YES;
				CLANG_WARN_CONSTANT_CONVERSION = YES;
				CLANG_WARN_DEPRECATED_OBJC_IMPLEMENTATIONS = YES;
				CLANG_WARN_DIRECT_OBJC_ISA_USAGE = YES_ERROR;
				CLANG_WARN_DOCUMENTATION_COMMENTS = YES;
				CLANG_WARN_EMPTY_BODY = YES;
				CLANG_WARN_ENUM_CONVERSION = YES;
				CLANG_WARN_INFINITE_RECURSION = YES;
				CLANG_WARN_INT_CONVERSION = YES;
				CLANG_WARN_NON_LITERAL_NULL_CONVERSION = YES;
				CLANG_WARN_OBJC_IMPLICIT_RETAIN_SELF = YES;
				CLANG_WARN_OBJC_LITERAL_CONVERSION = YES;
				CLANG_WARN_OBJC_ROOT_CLASS = YES_ERROR;
				CLANG_WARN_QUOTED_INCLUDE_IN_FRAMEWORK_HEADER = YES;
				CLANG_WARN_RANGE_LOOP_ANALYSIS = YES;
				CLANG_WARN_STRICT_PROTOTYPES = YES;
				CLANG_WARN_SUSPICIOUS_MOVE = YES;
				CLANG_WARN_UNGUARDED_AVAILABILITY = YES_AGGRESSIVE;
				CLANG_WARN_UNREACHABLE_CODE = YES;
				CLANG_WARN__DUPLICATE_METHOD_MATCH = YES;
				COPY_PHASE_STRIP = NO;
				DEBUG_INFORMATION_FORMAT = "dwarf-with-dsym";
				ENABLE_NS_ASSERTIONS = NO;
				ENABLE_STRICT_OBJC_MSGSEND = YES;
				GCC_C_LANGUAGE_STANDARD = gnu11;
				GCC_NO_COMMON_BLOCKS = YES;
				GCC_WARN_64_TO_32_BIT_CONVERSION = YES;
				GCC_WARN_ABOUT_RETURN_TYPE = YES_ERROR;
				GCC_WARN_UNDECLARED_SELECTOR = YES;
				GCC_WARN_UNINITIALIZED_AUTOS = YES_AGGRESSIVE;
				GCC_WARN_UNUSED_FUNCTION = YES;
				GCC_WARN_UNUSED_VARIABLE = YES;
				IPHONEOS_DEPLOYMENT_TARGET = 16.4;
				MTL_ENABLE_DEBUG_INFO = NO;
				MTL_FAST_MATH = YES;
				SDKROOT = iphoneos;
				SWIFT_COMPILATION_MODE = wholemodule;
				SWIFT_OPTIMIZATION_LEVEL = "-O";
				VALIDATE_PRODUCT = YES;
			};
			name = Release;
		};
		410B5E342C246DE1001A620B /* Debug */ = {
			isa = XCBuildConfiguration;
			buildSettings = {
				ASSETCATALOG_COMPILER_APPICON_NAME = AppIcon;
				ASSETCATALOG_COMPILER_GLOBAL_ACCENT_COLOR_NAME = AccentColor;
				CODE_SIGN_STYLE = Automatic;
				CURRENT_PROJECT_VERSION = 1;
				DEVELOPMENT_TEAM = XNA3AUL4UJ;
				GENERATE_INFOPLIST_FILE = YES;
				INFOPLIST_FILE = DigitalFrame/Info.plist;
				INFOPLIST_KEY_UIApplicationSupportsIndirectInputEvents = YES;
				INFOPLIST_KEY_UILaunchStoryboardName = LaunchScreen;
				INFOPLIST_KEY_UIMainStoryboardFile = Main;
				INFOPLIST_KEY_UISupportedInterfaceOrientations_iPad = "UIInterfaceOrientationPortrait UIInterfaceOrientationPortraitUpsideDown UIInterfaceOrientationLandscapeLeft UIInterfaceOrientationLandscapeRight";
				INFOPLIST_KEY_UISupportedInterfaceOrientations_iPhone = "UIInterfaceOrientationPortrait UIInterfaceOrientationLandscapeLeft UIInterfaceOrientationLandscapeRight";
				LD_RUNPATH_SEARCH_PATHS = (
					"$(inherited)",
					"@executable_path/Frameworks",
				);
				MARKETING_VERSION = 1.0;
				PRODUCT_BUNDLE_IDENTIFIER = geonhee.DigitalFrame;
				PRODUCT_NAME = "$(TARGET_NAME)";
				SWIFT_EMIT_LOC_STRINGS = YES;
				SWIFT_VERSION = 5.0;
				TARGETED_DEVICE_FAMILY = "1,2";
			};
			name = Debug;
		};
		410B5E352C246DE1001A620B /* Release */ = {
			isa = XCBuildConfiguration;
			buildSettings = {
				ASSETCATALOG_COMPILER_APPICON_NAME = AppIcon;
				ASSETCATALOG_COMPILER_GLOBAL_ACCENT_COLOR_NAME = AccentColor;
				CODE_SIGN_STYLE = Automatic;
				CURRENT_PROJECT_VERSION = 1;
				DEVELOPMENT_TEAM = XNA3AUL4UJ;
				GENERATE_INFOPLIST_FILE = YES;
				INFOPLIST_FILE = DigitalFrame/Info.plist;
				INFOPLIST_KEY_UIApplicationSupportsIndirectInputEvents = YES;
				INFOPLIST_KEY_UILaunchStoryboardName = LaunchScreen;
				INFOPLIST_KEY_UIMainStoryboardFile = Main;
				INFOPLIST_KEY_UISupportedInterfaceOrientations_iPad = "UIInterfaceOrientationPortrait UIInterfaceOrientationPortraitUpsideDown UIInterfaceOrientationLandscapeLeft UIInterfaceOrientationLandscapeRight";
				INFOPLIST_KEY_UISupportedInterfaceOrientations_iPhone = "UIInterfaceOrientationPortrait UIInterfaceOrientationLandscapeLeft UIInterfaceOrientationLandscapeRight";
				LD_RUNPATH_SEARCH_PATHS = (
					"$(inherited)",
					"@executable_path/Frameworks",
				);
				MARKETING_VERSION = 1.0;
				PRODUCT_BUNDLE_IDENTIFIER = geonhee.DigitalFrame;
				PRODUCT_NAME = "$(TARGET_NAME)";
				SWIFT_EMIT_LOC_STRINGS = YES;
				SWIFT_VERSION = 5.0;
				TARGETED_DEVICE_FAMILY = "1,2";
			};
			name = Release;
		};
/* End XCBuildConfiguration section */

/* Begin XCConfigurationList section */
		410B5E1A2C246DE0001A620B /* Build configuration list for PBXProject "DigitalFrame" */ = {
			isa = XCConfigurationList;
			buildConfigurations = (
				410B5E312C246DE1001A620B /* Debug */,
				410B5E322C246DE1001A620B /* Release */,
			);
			defaultConfigurationIsVisible = 0;
			defaultConfigurationName = Release;
		};
		410B5E332C246DE1001A620B /* Build configuration list for PBXNativeTarget "DigitalFrame" */ = {
			isa = XCConfigurationList;
			buildConfigurations = (
				410B5E342C246DE1001A620B /* Debug */,
				410B5E352C246DE1001A620B /* Release */,
			);
			defaultConfigurationIsVisible = 0;
			defaultConfigurationName = Release;
		};
/* End XCConfigurationList section */
	};
	rootObject = 410B5E172C246DE0001A620B /* Project object */;
}
